
Microsoft Visual Studio Solution File, Format Version 12.00
# Visual Studio Version 16
VisualStudioVersion = 16.0.30717.126
MinimumVisualStudioVersion = 10.0.40219.1
Project("{FAE04EC0-301F-11D3-BF4B-00C04F79EFBC}") = "Snake", "Snake\Snake.csproj", "{413218D5-BD92-454E-B97A-1D179F4E4085}"
EndProject
Global
	GlobalSection(SolutionConfigurationPlatforms) = preSolution
		Debug|Any CPU = Debug|Any CPU
		Release|Any CPU = Release|Any CPU
	EndGlobalSection
	GlobalSection(ProjectConfigurationPlatforms) = postSolution
		{413218D5-BD92-454E-B97A-1D179F4E4085}.Debug|Any CPU.ActiveCfg = Debug|Any CPU
		{413218D5-BD92-454E-B97A-1D179F4E4085}.Debug|Any CPU.Build.0 = Debug|Any CPU
		{413218D5-BD92-454E-B97A-1D179F4E4085}.Release|Any CPU.ActiveCfg = Release|Any CPU
		{413218D5-BD92-454E-B97A-1D179F4E4085}.Release|Any CPU.Build.0 = Release|Any CPU
	EndGlobalSection
	GlobalSection(SolutionProperties) = preSolution
		HideSolutionNode = FALSE
	EndGlobalSection
	GlobalSection(ExtensibilityGlobals) = postSolution
		SolutionGuid = {4BD3266F-F02D-4276-A4E3-F62E10EECFBF}
	EndGlobalSection
EndGlobal
